
Microsoft Visual Studio Solution File, Format Version 12.00
# Visual Studio Version 16
VisualStudioVersion = 16.0.29920.165
MinimumVisualStudioVersion = 10.0.40219.1
Project("{FAE04EC0-301F-11D3-BF4B-00C04F79EFBC}") = "Diploma", "Diploma\Diploma.csproj", "{FDFCA6A7-DB8F-4AB5-BD9E-54B38FD0AEBA}"
EndProject
Global
	GlobalSection(SolutionConfigurationPlatforms) = preSolution
		Debug|Any CPU = Debug|Any CPU
		Release|Any CPU = Release|Any CPU
	EndGlobalSection
	GlobalSection(ProjectConfigurationPlatforms) = postSolution
		{FDFCA6A7-DB8F-4AB5-BD9E-54B38FD0AEBA}.Debug|Any CPU.ActiveCfg = Debug|Any CPU
		{FDFCA6A7-DB8F-4AB5-BD9E-54B38FD0AEBA}.Debug|Any CPU.Build.0 = Debug|Any CPU
		{FDFCA6A7-DB8F-4AB5-BD9E-54B38FD0AEBA}.Release|Any CPU.ActiveCfg = Release|Any CPU
		{FDFCA6A7-DB8F-4AB5-BD9E-54B38FD0AEBA}.Release|Any CPU.Build.0 = Release|Any CPU
	EndGlobalSection
	GlobalSection(SolutionProperties) = preSolution
		HideSolutionNode = FALSE
	EndGlobalSection
	GlobalSection(ExtensibilityGlobals) = postSolution
		SolutionGuid = {AEE05174-18DB-4F85-B2AE-7F5573324FE9}
	EndGlobalSection
EndGlobal
